
Microsoft Visual Studio Solution File, Format Version 12.00
# Visual Studio 15
VisualStudioVersion = 15.0.26124.0
MinimumVisualStudioVersion = 15.0.26124.0
Project("{2150E333-8FDC-42A3-9474-1A3956D46DE8}") = "Cpu", "Cpu", "{2EF1C85D-B242-43AF-92A3-1FB1DA6C05D7}"
EndProject
Project("{FAE04EC0-301F-11D3-BF4B-00C04F79EFBC}") = "6502", "Cpu\6502\6502.csproj", "{9B60DE0B-B88C-487C-9E10-593B58CAB9EE}"
EndProject
Project("{FAE04EC0-301F-11D3-BF4B-00C04F79EFBC}") = "Tests", "Tests\Tests.csproj", "{550BBB95-2FE1-4742-AC56-10311761C56F}"
EndProject
Project("{FAE04EC0-301F-11D3-BF4B-00C04F79EFBC}") = "RemoteDisplay", "RemoteDisplay\RemoteDisplay.csproj", "{B6A18D33-B718-4380-9D3B-042446F8446A}"
EndProject
Project("{FAE04EC0-301F-11D3-BF4B-00C04F79EFBC}") = "HardwareCore", "HardwareCore\HardwareCore.csproj", "{D0ABE2B3-6F61-41D9-B775-EC6B0B0ED704}"
EndProject
Project("{FAE04EC0-301F-11D3-BF4B-00C04F79EFBC}") = "RemoteDisplayConnector", "RemoteDisplayConnector\RemoteDisplayConnector.csproj", "{CAA93B19-F0E8-47A4-87C1-81F0472104D9}"
EndProject
Project("{FAE04EC0-301F-11D3-BF4B-00C04F79EFBC}") = "FilePersistence", "FilePersistence\FilePersistence.csproj", "{12A13ABA-BA89-4D7A-B1FA-CA66FAB606DD}"
EndProject
Project("{FAE04EC0-301F-11D3-BF4B-00C04F79EFBC}") = "KeyboardConnector", "KeyboardConnector\KeyboardConnector.csproj", "{C7CD85DE-CAAC-455A-B856-EFC36E214632}"
EndProject
Project("{FAE04EC0-301F-11D3-BF4B-00C04F79EFBC}") = "Repl", "Repl\Repl.csproj", "{9D84228B-8A13-4E6B-9581-2C134422E8BA}"
EndProject
Project("{FAE04EC0-301F-11D3-BF4B-00C04F79EFBC}") = "Debugger", "Debugger\Debugger.csproj", "{F1D25F6F-CA47-4C28-97E6-937063A095C4}"
EndProject
Project("{FAE04EC0-301F-11D3-BF4B-00C04F79EFBC}") = "IntegratedDebugger", "IntegratedDebugger\IntegratedDebugger.csproj", "{558ED010-7FFB-44D9-ABF0-AE272E4E8BFB}"
EndProject
Project("{FAE04EC0-301F-11D3-BF4B-00C04F79EFBC}") = "Memory", "Memory\Memory.csproj", "{3940067A-D1FA-41F9-A11D-23E11A97C22C}"
EndProject
Project("{2150E333-8FDC-42A3-9474-1A3956D46DE8}") = "gui.cs", "gui.cs", "{6A575F68-8BE0-4BCD-B804-C8AA0A43D42E}"
EndProject
Project("{FAE04EC0-301F-11D3-BF4B-00C04F79EFBC}") = "Terminal.Gui", "gui.cs\Terminal.Gui\Terminal.Gui.csproj", "{C9D8104E-93E1-44E0-B765-586C506EC8BA}"
EndProject
Project("{FAE04EC0-301F-11D3-BF4B-00C04F79EFBC}") = "SignalRConnection", "SignalRConnection\SignalRConnection.csproj", "{723DCD80-C141-4EC3-85AC-5C3DF2EB3E2A}"
EndProject
Global
	GlobalSection(SolutionConfigurationPlatforms) = preSolution
		Debug|Any CPU = Debug|Any CPU
		Debug|x64 = Debug|x64
		Debug|x86 = Debug|x86
		Release|Any CPU = Release|Any CPU
		Release|x64 = Release|x64
		Release|x86 = Release|x86
	EndGlobalSection
	GlobalSection(SolutionProperties) = preSolution
		HideSolutionNode = FALSE
	EndGlobalSection
	GlobalSection(ProjectConfigurationPlatforms) = postSolution
		{9B60DE0B-B88C-487C-9E10-593B58CAB9EE}.Debug|Any CPU.ActiveCfg = Debug|Any CPU
		{9B60DE0B-B88C-487C-9E10-593B58CAB9EE}.Debug|Any CPU.Build.0 = Debug|Any CPU
		{9B60DE0B-B88C-487C-9E10-593B58CAB9EE}.Debug|x64.ActiveCfg = Debug|Any CPU
		{9B60DE0B-B88C-487C-9E10-593B58CAB9EE}.Debug|x64.Build.0 = Debug|Any CPU
		{9B60DE0B-B88C-487C-9E10-593B58CAB9EE}.Debug|x86.ActiveCfg = Debug|Any CPU
		{9B60DE0B-B88C-487C-9E10-593B58CAB9EE}.Debug|x86.Build.0 = Debug|Any CPU
		{9B60DE0B-B88C-487C-9E10-593B58CAB9EE}.Release|Any CPU.ActiveCfg = Release|Any CPU
		{9B60DE0B-B88C-487C-9E10-593B58CAB9EE}.Release|Any CPU.Build.0 = Release|Any CPU
		{9B60DE0B-B88C-487C-9E10-593B58CAB9EE}.Release|x64.ActiveCfg = Release|Any CPU
		{9B60DE0B-B88C-487C-9E10-593B58CAB9EE}.Release|x64.Build.0 = Release|Any CPU
		{9B60DE0B-B88C-487C-9E10-593B58CAB9EE}.Release|x86.ActiveCfg = Release|Any CPU
		{9B60DE0B-B88C-487C-9E10-593B58CAB9EE}.Release|x86.Build.0 = Release|Any CPU
		{550BBB95-2FE1-4742-AC56-10311761C56F}.Debug|Any CPU.ActiveCfg = Debug|Any CPU
		{550BBB95-2FE1-4742-AC56-10311761C56F}.Debug|Any CPU.Build.0 = Debug|Any CPU
		{550BBB95-2FE1-4742-AC56-10311761C56F}.Debug|x64.ActiveCfg = Debug|Any CPU
		{550BBB95-2FE1-4742-AC56-10311761C56F}.Debug|x64.Build.0 = Debug|Any CPU
		{550BBB95-2FE1-4742-AC56-10311761C56F}.Debug|x86.ActiveCfg = Debug|Any CPU
		{550BBB95-2FE1-4742-AC56-10311761C56F}.Debug|x86.Build.0 = Debug|Any CPU
		{550BBB95-2FE1-4742-AC56-10311761C56F}.Release|Any CPU.ActiveCfg = Release|Any CPU
		{550BBB95-2FE1-4742-AC56-10311761C56F}.Release|Any CPU.Build.0 = Release|Any CPU
		{550BBB95-2FE1-4742-AC56-10311761C56F}.Release|x64.ActiveCfg = Release|Any CPU
		{550BBB95-2FE1-4742-AC56-10311761C56F}.Release|x64.Build.0 = Release|Any CPU
		{550BBB95-2FE1-4742-AC56-10311761C56F}.Release|x86.ActiveCfg = Release|Any CPU
		{550BBB95-2FE1-4742-AC56-10311761C56F}.Release|x86.Build.0 = Release|Any CPU
		{B6A18D33-B718-4380-9D3B-042446F8446A}.Debug|Any CPU.ActiveCfg = Debug|Any CPU
		{B6A18D33-B718-4380-9D3B-042446F8446A}.Debug|Any CPU.Build.0 = Debug|Any CPU
		{B6A18D33-B718-4380-9D3B-042446F8446A}.Debug|x64.ActiveCfg = Debug|Any CPU
		{B6A18D33-B718-4380-9D3B-042446F8446A}.Debug|x64.Build.0 = Debug|Any CPU
		{B6A18D33-B718-4380-9D3B-042446F8446A}.Debug|x86.ActiveCfg = Debug|Any CPU
		{B6A18D33-B718-4380-9D3B-042446F8446A}.Debug|x86.Build.0 = Debug|Any CPU
		{B6A18D33-B718-4380-9D3B-042446F8446A}.Release|Any CPU.ActiveCfg = Release|Any CPU
		{B6A18D33-B718-4380-9D3B-042446F8446A}.Release|Any CPU.Build.0 = Release|Any CPU
		{B6A18D33-B718-4380-9D3B-042446F8446A}.Release|x64.ActiveCfg = Release|Any CPU
		{B6A18D33-B718-4380-9D3B-042446F8446A}.Release|x64.Build.0 = Release|Any CPU
		{B6A18D33-B718-4380-9D3B-042446F8446A}.Release|x86.ActiveCfg = Release|Any CPU
		{B6A18D33-B718-4380-9D3B-042446F8446A}.Release|x86.Build.0 = Release|Any CPU
		{D0ABE2B3-6F61-41D9-B775-EC6B0B0ED704}.Debug|Any CPU.ActiveCfg = Debug|Any CPU
		{D0ABE2B3-6F61-41D9-B775-EC6B0B0ED704}.Debug|Any CPU.Build.0 = Debug|Any CPU
		{D0ABE2B3-6F61-41D9-B775-EC6B0B0ED704}.Debug|x64.ActiveCfg = Debug|Any CPU
		{D0ABE2B3-6F61-41D9-B775-EC6B0B0ED704}.Debug|x64.Build.0 = Debug|Any CPU
		{D0ABE2B3-6F61-41D9-B775-EC6B0B0ED704}.Debug|x86.ActiveCfg = Debug|Any CPU
		{D0ABE2B3-6F61-41D9-B775-EC6B0B0ED704}.Debug|x86.Build.0 = Debug|Any CPU
		{D0ABE2B3-6F61-41D9-B775-EC6B0B0ED704}.Release|Any CPU.ActiveCfg = Release|Any CPU
		{D0ABE2B3-6F61-41D9-B775-EC6B0B0ED704}.Release|Any CPU.Build.0 = Release|Any CPU
		{D0ABE2B3-6F61-41D9-B775-EC6B0B0ED704}.Release|x64.ActiveCfg = Release|Any CPU
		{D0ABE2B3-6F61-41D9-B775-EC6B0B0ED704}.Release|x64.Build.0 = Release|Any CPU
		{D0ABE2B3-6F61-41D9-B775-EC6B0B0ED704}.Release|x86.ActiveCfg = Release|Any CPU
		{D0ABE2B3-6F61-41D9-B775-EC6B0B0ED704}.Release|x86.Build.0 = Release|Any CPU
		{CAA93B19-F0E8-47A4-87C1-81F0472104D9}.Debug|Any CPU.ActiveCfg = Debug|Any CPU
		{CAA93B19-F0E8-47A4-87C1-81F0472104D9}.Debug|Any CPU.Build.0 = Debug|Any CPU
		{CAA93B19-F0E8-47A4-87C1-81F0472104D9}.Debug|x64.ActiveCfg = Debug|Any CPU
		{CAA93B19-F0E8-47A4-87C1-81F0472104D9}.Debug|x64.Build.0 = Debug|Any CPU
		{CAA93B19-F0E8-47A4-87C1-81F0472104D9}.Debug|x86.ActiveCfg = Debug|Any CPU
		{CAA93B19-F0E8-47A4-87C1-81F0472104D9}.Debug|x86.Build.0 = Debug|Any CPU
		{CAA93B19-F0E8-47A4-87C1-81F0472104D9}.Release|Any CPU.ActiveCfg = Release|Any CPU
		{CAA93B19-F0E8-47A4-87C1-81F0472104D9}.Release|Any CPU.Build.0 = Release|Any CPU
		{CAA93B19-F0E8-47A4-87C1-81F0472104D9}.Release|x64.ActiveCfg = Release|Any CPU
		{CAA93B19-F0E8-47A4-87C1-81F0472104D9}.Release|x64.Build.0 = Release|Any CPU
		{CAA93B19-F0E8-47A4-87C1-81F0472104D9}.Release|x86.ActiveCfg = Release|Any CPU
		{CAA93B19-F0E8-47A4-87C1-81F0472104D9}.Release|x86.Build.0 = Release|Any CPU
		{12A13ABA-BA89-4D7A-B1FA-CA66FAB606DD}.Debug|Any CPU.ActiveCfg = Debug|Any CPU
		{12A13ABA-BA89-4D7A-B1FA-CA66FAB606DD}.Debug|Any CPU.Build.0 = Debug|Any CPU
		{12A13ABA-BA89-4D7A-B1FA-CA66FAB606DD}.Debug|x64.ActiveCfg = Debug|Any CPU
		{12A13ABA-BA89-4D7A-B1FA-CA66FAB606DD}.Debug|x64.Build.0 = Debug|Any CPU
		{12A13ABA-BA89-4D7A-B1FA-CA66FAB606DD}.Debug|x86.ActiveCfg = Debug|Any CPU
		{12A13ABA-BA89-4D7A-B1FA-CA66FAB606DD}.Debug|x86.Build.0 = Debug|Any CPU
		{12A13ABA-BA89-4D7A-B1FA-CA66FAB606DD}.Release|Any CPU.ActiveCfg = Release|Any CPU
		{12A13ABA-BA89-4D7A-B1FA-CA66FAB606DD}.Release|Any CPU.Build.0 = Release|Any CPU
		{12A13ABA-BA89-4D7A-B1FA-CA66FAB606DD}.Release|x64.ActiveCfg = Release|Any CPU
		{12A13ABA-BA89-4D7A-B1FA-CA66FAB606DD}.Release|x64.Build.0 = Release|Any CPU
		{12A13ABA-BA89-4D7A-B1FA-CA66FAB606DD}.Release|x86.ActiveCfg = Release|Any CPU
		{12A13ABA-BA89-4D7A-B1FA-CA66FAB606DD}.Release|x86.Build.0 = Release|Any CPU
		{C7CD85DE-CAAC-455A-B856-EFC36E214632}.Debug|Any CPU.ActiveCfg = Debug|Any CPU
		{C7CD85DE-CAAC-455A-B856-EFC36E214632}.Debug|Any CPU.Build.0 = Debug|Any CPU
		{C7CD85DE-CAAC-455A-B856-EFC36E214632}.Debug|x64.ActiveCfg = Debug|Any CPU
		{C7CD85DE-CAAC-455A-B856-EFC36E214632}.Debug|x64.Build.0 = Debug|Any CPU
		{C7CD85DE-CAAC-455A-B856-EFC36E214632}.Debug|x86.ActiveCfg = Debug|Any CPU
		{C7CD85DE-CAAC-455A-B856-EFC36E214632}.Debug|x86.Build.0 = Debug|Any CPU
		{C7CD85DE-CAAC-455A-B856-EFC36E214632}.Release|Any CPU.ActiveCfg = Release|Any CPU
		{C7CD85DE-CAAC-455A-B856-EFC36E214632}.Release|Any CPU.Build.0 = Release|Any CPU
		{C7CD85DE-CAAC-455A-B856-EFC36E214632}.Release|x64.ActiveCfg = Release|Any CPU
		{C7CD85DE-CAAC-455A-B856-EFC36E214632}.Release|x64.Build.0 = Release|Any CPU
		{C7CD85DE-CAAC-455A-B856-EFC36E214632}.Release|x86.ActiveCfg = Release|Any CPU
		{C7CD85DE-CAAC-455A-B856-EFC36E214632}.Release|x86.Build.0 = Release|Any CPU
		{9D84228B-8A13-4E6B-9581-2C134422E8BA}.Debug|Any CPU.ActiveCfg = Debug|Any CPU
		{9D84228B-8A13-4E6B-9581-2C134422E8BA}.Debug|Any CPU.Build.0 = Debug|Any CPU
		{9D84228B-8A13-4E6B-9581-2C134422E8BA}.Debug|x64.ActiveCfg = Debug|Any CPU
		{9D84228B-8A13-4E6B-9581-2C134422E8BA}.Debug|x64.Build.0 = Debug|Any CPU
		{9D84228B-8A13-4E6B-9581-2C134422E8BA}.Debug|x86.ActiveCfg = Debug|Any CPU
		{9D84228B-8A13-4E6B-9581-2C134422E8BA}.Debug|x86.Build.0 = Debug|Any CPU
		{9D84228B-8A13-4E6B-9581-2C134422E8BA}.Release|Any CPU.ActiveCfg = Release|Any CPU
		{9D84228B-8A13-4E6B-9581-2C134422E8BA}.Release|Any CPU.Build.0 = Release|Any CPU
		{9D84228B-8A13-4E6B-9581-2C134422E8BA}.Release|x64.ActiveCfg = Release|Any CPU
		{9D84228B-8A13-4E6B-9581-2C134422E8BA}.Release|x64.Build.0 = Release|Any CPU
		{9D84228B-8A13-4E6B-9581-2C134422E8BA}.Release|x86.ActiveCfg = Release|Any CPU
		{9D84228B-8A13-4E6B-9581-2C134422E8BA}.Release|x86.Build.0 = Release|Any CPU
		{F1D25F6F-CA47-4C28-97E6-937063A095C4}.Debug|Any CPU.ActiveCfg = Debug|Any CPU
		{F1D25F6F-CA47-4C28-97E6-937063A095C4}.Debug|Any CPU.Build.0 = Debug|Any CPU
		{F1D25F6F-CA47-4C28-97E6-937063A095C4}.Debug|x64.ActiveCfg = Debug|Any CPU
		{F1D25F6F-CA47-4C28-97E6-937063A095C4}.Debug|x64.Build.0 = Debug|Any CPU
		{F1D25F6F-CA47-4C28-97E6-937063A095C4}.Debug|x86.ActiveCfg = Debug|Any CPU
		{F1D25F6F-CA47-4C28-97E6-937063A095C4}.Debug|x86.Build.0 = Debug|Any CPU
		{F1D25F6F-CA47-4C28-97E6-937063A095C4}.Release|Any CPU.ActiveCfg = Release|Any CPU
		{F1D25F6F-CA47-4C28-97E6-937063A095C4}.Release|Any CPU.Build.0 = Release|Any CPU
		{F1D25F6F-CA47-4C28-97E6-937063A095C4}.Release|x64.ActiveCfg = Release|Any CPU
		{F1D25F6F-CA47-4C28-97E6-937063A095C4}.Release|x64.Build.0 = Release|Any CPU
		{F1D25F6F-CA47-4C28-97E6-937063A095C4}.Release|x86.ActiveCfg = Release|Any CPU
		{F1D25F6F-CA47-4C28-97E6-937063A095C4}.Release|x86.Build.0 = Release|Any CPU
		{558ED010-7FFB-44D9-ABF0-AE272E4E8BFB}.Debug|Any CPU.ActiveCfg = Debug|Any CPU
		{558ED010-7FFB-44D9-ABF0-AE272E4E8BFB}.Debug|Any CPU.Build.0 = Debug|Any CPU
		{558ED010-7FFB-44D9-ABF0-AE272E4E8BFB}.Debug|x64.ActiveCfg = Debug|Any CPU
		{558ED010-7FFB-44D9-ABF0-AE272E4E8BFB}.Debug|x64.Build.0 = Debug|Any CPU
		{558ED010-7FFB-44D9-ABF0-AE272E4E8BFB}.Debug|x86.ActiveCfg = Debug|Any CPU
		{558ED010-7FFB-44D9-ABF0-AE272E4E8BFB}.Debug|x86.Build.0 = Debug|Any CPU
		{558ED010-7FFB-44D9-ABF0-AE272E4E8BFB}.Release|Any CPU.ActiveCfg = Release|Any CPU
		{558ED010-7FFB-44D9-ABF0-AE272E4E8BFB}.Release|Any CPU.Build.0 = Release|Any CPU
		{558ED010-7FFB-44D9-ABF0-AE272E4E8BFB}.Release|x64.ActiveCfg = Release|Any CPU
		{558ED010-7FFB-44D9-ABF0-AE272E4E8BFB}.Release|x64.Build.0 = Release|Any CPU
		{558ED010-7FFB-44D9-ABF0-AE272E4E8BFB}.Release|x86.ActiveCfg = Release|Any CPU
		{558ED010-7FFB-44D9-ABF0-AE272E4E8BFB}.Release|x86.Build.0 = Release|Any CPU
		{3940067A-D1FA-41F9-A11D-23E11A97C22C}.Debug|Any CPU.ActiveCfg = Debug|Any CPU
		{3940067A-D1FA-41F9-A11D-23E11A97C22C}.Debug|Any CPU.Build.0 = Debug|Any CPU
		{3940067A-D1FA-41F9-A11D-23E11A97C22C}.Debug|x64.ActiveCfg = Debug|Any CPU
		{3940067A-D1FA-41F9-A11D-23E11A97C22C}.Debug|x64.Build.0 = Debug|Any CPU
		{3940067A-D1FA-41F9-A11D-23E11A97C22C}.Debug|x86.ActiveCfg = Debug|Any CPU
		{3940067A-D1FA-41F9-A11D-23E11A97C22C}.Debug|x86.Build.0 = Debug|Any CPU
		{3940067A-D1FA-41F9-A11D-23E11A97C22C}.Release|Any CPU.ActiveCfg = Release|Any CPU
		{3940067A-D1FA-41F9-A11D-23E11A97C22C}.Release|Any CPU.Build.0 = Release|Any CPU
		{3940067A-D1FA-41F9-A11D-23E11A97C22C}.Release|x64.ActiveCfg = Release|Any CPU
		{3940067A-D1FA-41F9-A11D-23E11A97C22C}.Release|x64.Build.0 = Release|Any CPU
		{3940067A-D1FA-41F9-A11D-23E11A97C22C}.Release|x86.ActiveCfg = Release|Any CPU
		{3940067A-D1FA-41F9-A11D-23E11A97C22C}.Release|x86.Build.0 = Release|Any CPU
		{C9D8104E-93E1-44E0-B765-586C506EC8BA}.Debug|Any CPU.ActiveCfg = Debug|Any CPU
		{C9D8104E-93E1-44E0-B765-586C506EC8BA}.Debug|Any CPU.Build.0 = Debug|Any CPU
		{C9D8104E-93E1-44E0-B765-586C506EC8BA}.Debug|x64.ActiveCfg = Debug|Any CPU
		{C9D8104E-93E1-44E0-B765-586C506EC8BA}.Debug|x64.Build.0 = Debug|Any CPU
		{C9D8104E-93E1-44E0-B765-586C506EC8BA}.Debug|x86.ActiveCfg = Debug|Any CPU
		{C9D8104E-93E1-44E0-B765-586C506EC8BA}.Debug|x86.Build.0 = Debug|Any CPU
		{C9D8104E-93E1-44E0-B765-586C506EC8BA}.Release|Any CPU.ActiveCfg = Release|Any CPU
		{C9D8104E-93E1-44E0-B765-586C506EC8BA}.Release|Any CPU.Build.0 = Release|Any CPU
		{C9D8104E-93E1-44E0-B765-586C506EC8BA}.Release|x64.ActiveCfg = Release|Any CPU
		{C9D8104E-93E1-44E0-B765-586C506EC8BA}.Release|x64.Build.0 = Release|Any CPU
		{C9D8104E-93E1-44E0-B765-586C506EC8BA}.Release|x86.ActiveCfg = Release|Any CPU
		{C9D8104E-93E1-44E0-B765-586C506EC8BA}.Release|x86.Build.0 = Release|Any CPU
		{723DCD80-C141-4EC3-85AC-5C3DF2EB3E2A}.Debug|Any CPU.ActiveCfg = Debug|Any CPU
		{723DCD80-C141-4EC3-85AC-5C3DF2EB3E2A}.Debug|Any CPU.Build.0 = Debug|Any CPU
		{723DCD80-C141-4EC3-85AC-5C3DF2EB3E2A}.Debug|x64.ActiveCfg = Debug|Any CPU
		{723DCD80-C141-4EC3-85AC-5C3DF2EB3E2A}.Debug|x64.Build.0 = Debug|Any CPU
		{723DCD80-C141-4EC3-85AC-5C3DF2EB3E2A}.Debug|x86.ActiveCfg = Debug|Any CPU
		{723DCD80-C141-4EC3-85AC-5C3DF2EB3E2A}.Debug|x86.Build.0 = Debug|Any CPU
		{723DCD80-C141-4EC3-85AC-5C3DF2EB3E2A}.Release|Any CPU.ActiveCfg = Release|Any CPU
		{723DCD80-C141-4EC3-85AC-5C3DF2EB3E2A}.Release|Any CPU.Build.0 = Release|Any CPU
		{723DCD80-C141-4EC3-85AC-5C3DF2EB3E2A}.Release|x64.ActiveCfg = Release|Any CPU
		{723DCD80-C141-4EC3-85AC-5C3DF2EB3E2A}.Release|x64.Build.0 = Release|Any CPU
		{723DCD80-C141-4EC3-85AC-5C3DF2EB3E2A}.Release|x86.ActiveCfg = Release|Any CPU
		{723DCD80-C141-4EC3-85AC-5C3DF2EB3E2A}.Release|x86.Build.0 = Release|Any CPU
	EndGlobalSection
	GlobalSection(NestedProjects) = preSolution
		{9B60DE0B-B88C-487C-9E10-593B58CAB9EE} = {2EF1C85D-B242-43AF-92A3-1FB1DA6C05D7}
		{C9D8104E-93E1-44E0-B765-586C506EC8BA} = {6A575F68-8BE0-4BCD-B804-C8AA0A43D42E}
	EndGlobalSection
EndGlobal
